
Microsoft Visual Studio Solution File, Format Version 12.00
Project("{FAE04EC0-301F-11D3-BF4B-00C04F79EFBC}") = "week-10-oop", "week-10-oop\week-10-oop.csproj", "{D684C9D0-F553-4D32-AA6A-BB6AB1FC36BB}"
EndProject
Global
	GlobalSection(SolutionConfigurationPlatforms) = preSolution
		Debug|Any CPU = Debug|Any CPU
		Release|Any CPU = Release|Any CPU
	EndGlobalSection
	GlobalSection(ProjectConfigurationPlatforms) = postSolution
		{D684C9D0-F553-4D32-AA6A-BB6AB1FC36BB}.Debug|Any CPU.ActiveCfg = Debug|Any CPU
		{D684C9D0-F553-4D32-AA6A-BB6AB1FC36BB}.Debug|Any CPU.Build.0 = Debug|Any CPU
		{D684C9D0-F553-4D32-AA6A-BB6AB1FC36BB}.Release|Any CPU.ActiveCfg = Release|Any CPU
		{D684C9D0-F553-4D32-AA6A-BB6AB1FC36BB}.Release|Any CPU.Build.0 = Release|Any CPU
	EndGlobalSection
EndGlobal
